
Microsoft Visual Studio Solution File, Format Version 12.00
# Visual Studio 15
VisualStudioVersion = 15.0.26730.8
MinimumVisualStudioVersion = 10.0.40219.1
Project("{FAE04EC0-301F-11D3-BF4B-00C04F79EFBC}") = "WebCalc", "WebCalc\WebCalc.csproj", "{B342CB14-EB98-4959-8E0E-769A939E540B}"
EndProject
Global
	GlobalSection(SolutionConfigurationPlatforms) = preSolution
		Debug|Any CPU = Debug|Any CPU
		Release|Any CPU = Release|Any CPU
	EndGlobalSection
	GlobalSection(ProjectConfigurationPlatforms) = postSolution
		{B342CB14-EB98-4959-8E0E-769A939E540B}.Debug|Any CPU.ActiveCfg = Debug|Any CPU
		{B342CB14-EB98-4959-8E0E-769A939E540B}.Debug|Any CPU.Build.0 = Debug|Any CPU
		{B342CB14-EB98-4959-8E0E-769A939E540B}.Release|Any CPU.ActiveCfg = Release|Any CPU
		{B342CB14-EB98-4959-8E0E-769A939E540B}.Release|Any CPU.Build.0 = Release|Any CPU
	EndGlobalSection
	GlobalSection(SolutionProperties) = preSolution
		HideSolutionNode = FALSE
	EndGlobalSection
	GlobalSection(ExtensibilityGlobals) = postSolution
		SolutionGuid = {B57594E6-744D-4F7D-B50C-4B68D5E833F1}
	EndGlobalSection
EndGlobal
